{
  "requires": true,
  "lockfileVersion": 1,
  "dependencies": {
    "datatables.net": {
      "version": "1.10.15",
      "resolved": "https://registry.npmjs.org/datatables.net/-/datatables.net-1.10.15.tgz",
      "integrity": "sha1-x4kHe7/jhedf9aIz+l8jJRpy32g=",
      "requires": {
        "jquery": "3.2.1"
      }
    },
    "jquery": {
      "version": "3.2.1",
      "resolved": "https://registry.npmjs.org/jquery/-/jquery-3.2.1.tgz",
      "integrity": "sha1-XE2d5lKvbNCncBVKYxu6ErAVx4c="
    }
  }
}
